
Microsoft Visual Studio Solution File, Format Version 12.00
# Visual Studio 15
VisualStudioVersion = 15.0.28307.1684
MinimumVisualStudioVersion = 10.0.40219.1
Project("{FAE04EC0-301F-11D3-BF4B-00C04F79EFBC}") = "EfDatabaseFirstHomework", "EfDatabaseFirstHomework\EfDatabaseFirstHomework.csproj", "{8130697D-BCEB-484B-91CE-908F9DD75C0C}"
EndProject
Global
	GlobalSection(SolutionConfigurationPlatforms) = preSolution
		Debug|Any CPU = Debug|Any CPU
		Release|Any CPU = Release|Any CPU
	EndGlobalSection
	GlobalSection(ProjectConfigurationPlatforms) = postSolution
		{8130697D-BCEB-484B-91CE-908F9DD75C0C}.Debug|Any CPU.ActiveCfg = Debug|Any CPU
		{8130697D-BCEB-484B-91CE-908F9DD75C0C}.Debug|Any CPU.Build.0 = Debug|Any CPU
		{8130697D-BCEB-484B-91CE-908F9DD75C0C}.Release|Any CPU.ActiveCfg = Release|Any CPU
		{8130697D-BCEB-484B-91CE-908F9DD75C0C}.Release|Any CPU.Build.0 = Release|Any CPU
	EndGlobalSection
	GlobalSection(SolutionProperties) = preSolution
		HideSolutionNode = FALSE
	EndGlobalSection
	GlobalSection(ExtensibilityGlobals) = postSolution
		SolutionGuid = {9F734813-F2E6-461F-A205-B6CB51BAC79B}
	EndGlobalSection
EndGlobal
